
Microsoft Visual Studio Solution File, Format Version 12.00
# Visual Studio 2012
Project("{FAE04EC0-301F-11D3-BF4B-00C04F79EFBC}") = "XogoEngine.OpenAL", "XogoEngine.OpenAL.csproj", "{F965B1C5-AC74-4778-BAC0-8D1C8C81B37C}"
EndProject
Project("{FAE04EC0-301F-11D3-BF4B-00C04F79EFBC}") = "XogoEngine.OpenAL.Test", "..\XogoEngine.OpenAL.Test\XogoEngine.OpenAL.Test.csproj", "{3D4AA5AD-2C51-484C-9B1D-FE3D56C703F6}"
EndProject
Global
	GlobalSection(SolutionConfigurationPlatforms) = preSolution
		Debug|x86 = Debug|x86
		Release|x86 = Release|x86
	EndGlobalSection
	GlobalSection(ProjectConfigurationPlatforms) = postSolution
		{3D4AA5AD-2C51-484C-9B1D-FE3D56C703F6}.Debug|x86.ActiveCfg = Debug|x86
		{3D4AA5AD-2C51-484C-9B1D-FE3D56C703F6}.Debug|x86.Build.0 = Debug|x86
		{3D4AA5AD-2C51-484C-9B1D-FE3D56C703F6}.Release|x86.ActiveCfg = Release|x86
		{3D4AA5AD-2C51-484C-9B1D-FE3D56C703F6}.Release|x86.Build.0 = Release|x86
		{F965B1C5-AC74-4778-BAC0-8D1C8C81B37C}.Debug|x86.ActiveCfg = Debug|x86
		{F965B1C5-AC74-4778-BAC0-8D1C8C81B37C}.Debug|x86.Build.0 = Debug|x86
		{F965B1C5-AC74-4778-BAC0-8D1C8C81B37C}.Release|x86.ActiveCfg = Release|x86
		{F965B1C5-AC74-4778-BAC0-8D1C8C81B37C}.Release|x86.Build.0 = Release|x86
	EndGlobalSection
	GlobalSection(MonoDevelopProperties) = preSolution
		StartupItem = XogoEngine.OpenAL.csproj
	EndGlobalSection
EndGlobal
