Microsoft Visual Studio Solution File, Format Version 12.00
# Visual Studio 2012
Project("{FAE04EC0-301F-11D3-BF4B-00C04F79EFBC}") = "XogoEngine", "XogoEngine\XogoEngine.csproj", "{E94F316A-DED5-4388-8C32-BAD692762619}"
EndProject
Project("{FAE04EC0-301F-11D3-BF4B-00C04F79EFBC}") = "XogoEngine.Test", "XogoEngine.Test\XogoEngine.Test.csproj", "{72237384-B4C4-452D-B97A-CC4554E373B1}"
EndProject
Project("{FAE04EC0-301F-11D3-BF4B-00C04F79EFBC}") = "XogoEngine.OpenGL", "XogoEngine.OpenGL\XogoEngine.OpenGL.csproj", "{5E568383-E804-40B4-B303-E8D3F67FA5BC}"
EndProject
Project("{FAE04EC0-301F-11D3-BF4B-00C04F79EFBC}") = "XogoEngine.OpenGL.Test", "XogoEngine.OpenGL.Test\XogoEngine.OpenGL.Test.csproj", "{BCCF66DB-AF1E-4C62-BCCE-B26C4CE9630B}"
EndProject
Project("{FAE04EC0-301F-11D3-BF4B-00C04F79EFBC}") = "XogoEngine.OpenAL", "XogoEngine.OpenAL\XogoEngine.OpenAL.csproj", "{F965B1C5-AC74-4778-BAC0-8D1C8C81B37C}"
EndProject
Project("{FAE04EC0-301F-11D3-BF4B-00C04F79EFBC}") = "XogoEngine.OpenAL.Test", "XogoEngine.OpenAL.Test\XogoEngine.OpenAL.Test.csproj", "{3D4AA5AD-2C51-484C-9B1D-FE3D56C703F6}"
Global
	GlobalSection(SolutionConfigurationPlatforms) = preSolution
		Debug|Any CPU = Debug|Any CPU
		Release|Any CPU = Release|Any CPU
	EndGlobalSection
	GlobalSection(ProjectConfigurationPlatforms) = postSolution
		{E94F316A-DED5-4388-8C32-BAD692762619}.Debug|Any CPU.ActiveCfg = Debug|Any CPU
		{E94F316A-DED5-4388-8C32-BAD692762619}.Debug|Any CPU.Build.0 = Debug|Any CPU
		{E94F316A-DED5-4388-8C32-BAD692762619}.Release|Any CPU.ActiveCfg = Release|Any CPU
		{E94F316A-DED5-4388-8C32-BAD692762619}.Release|Any CPU.Build.0 = Release|Any CPU
        {72237384-B4C4-452D-B97A-CC4554E373B1}.Debug|Any CPU.ActiveCfg = Debug|Any CPU
        {72237384-B4C4-452D-B97A-CC4554E373B1}.Debug|Any CPU.Build.0 = Debug|Any CPU
        {72237384-B4C4-452D-B97A-CC4554E373B1}.Release|Any CPU.ActiveCfg = Release|Any CPU
        {72237384-B4C4-452D-B97A-CC4554E373B1}.Release|Any CPU.Build.0 = Release|Any CPU

        {5E568383-E804-40B4-B303-E8D3F67FA5BC}.Debug|Any CPU.ActiveCfg = Debug|Any CPU
		{5E568383-E804-40B4-B303-E8D3F67FA5BC}.Debug|Any CPU.Build.0 = Debug|Any CPU
		{5E568383-E804-40B4-B303-E8D3F67FA5BC}.Release|Any CPU.ActiveCfg = Release|Any CPU
		{5E568383-E804-40B4-B303-E8D3F67FA5BC}.Release|Any CPU.Build.0 = Release|Any CPU
		{BCCF66DB-AF1E-4C62-BCCE-B26C4CE9630B}.Debug|Any CPU.ActiveCfg = Debug|Any CPU
		{BCCF66DB-AF1E-4C62-BCCE-B26C4CE9630B}.Debug|Any CPU.Build.0 = Debug|Any CPU
		{BCCF66DB-AF1E-4C62-BCCE-B26C4CE9630B}.Release|Any CPU.ActiveCfg = Release|Any CPU
		{BCCF66DB-AF1E-4C62-BCCE-B26C4CE9630B}.Release|Any CPU.Build.0 = Release|Any CPU

        {F965B1C5-AC74-4778-BAC0-8D1C8C81B37C}.Debug|Any CPU.ActiveCfg = Debug|Any CPU
		{F965B1C5-AC74-4778-BAC0-8D1C8C81B37C}.Debug|Any CPU.Build.0 = Debug|Any CPU
		{F965B1C5-AC74-4778-BAC0-8D1C8C81B37C}.Release|Any CPU.ActiveCfg = Release|Any CPU
		{F965B1C5-AC74-4778-BAC0-8D1C8C81B37C}.Release|Any CPU.Build.0 = Release|Any CPU
        {3D4AA5AD-2C51-484C-9B1D-FE3D56C703F6}.Debug|Any CPU.ActiveCfg = Debug|Any CPU
        {3D4AA5AD-2C51-484C-9B1D-FE3D56C703F6}.Debug|Any CPU.Build.0 = Debug|Any CPU
        {3D4AA5AD-2C51-484C-9B1D-FE3D56C703F6}.Release|Any CPU.ActiveCfg = Release|Any CPU
        {3D4AA5AD-2C51-484C-9B1D-FE3D56C703F6}.Release|Any CPU.Build.0 = Release|Any CPU
	EndGlobalSection
	GlobalSection(MonoDevelopProperties) = preSolution
		StartupItem = XogoEngine.csproj
	EndGlobalSection
EndGlobal
